
Microsoft Visual Studio Solution File, Format Version 12.00
# Visual Studio 15
VisualStudioVersion = 15.0.27703.2018
MinimumVisualStudioVersion = 10.0.40219.1
Project("{FAE04EC0-301F-11D3-BF4B-00C04F79EFBC}") = "CDF.Entities", "CDF.Entities\CDF.Entities.csproj", "{10BD2045-1CC6-41E4-95D1-C9348F8EFA5D}"
EndProject
Project("{FAE04EC0-301F-11D3-BF4B-00C04F79EFBC}") = "CDF.DAL", "CDF.DAL\CDF.DAL.csproj", "{4C7E4B1B-4CF7-4B16-8429-C0AE5DA9513A}"
EndProject
Project("{FAE04EC0-301F-11D3-BF4B-00C04F79EFBC}") = "CDF.Manager", "CDF.Manager\CDF.Manager.csproj", "{ED19EA6D-831E-4B0E-AD67-475E8D1CA10E}"
EndProject
Project("{FAE04EC0-301F-11D3-BF4B-00C04F79EFBC}") = "CDF.Test", "CDF.Test\CDF.Test.csproj", "{78A7324A-11FB-43C1-9EF8-620BAAE5F18C}"
EndProject
Project("{FAE04EC0-301F-11D3-BF4B-00C04F79EFBC}") = "CDF.Web", "CDF.Web\CDF.Web.csproj", "{CBC63EF9-4086-4636-9B20-419469BD612F}"
EndProject
Global
	GlobalSection(SolutionConfigurationPlatforms) = preSolution
		Debug|Any CPU = Debug|Any CPU
		Release|Any CPU = Release|Any CPU
	EndGlobalSection
	GlobalSection(ProjectConfigurationPlatforms) = postSolution
		{10BD2045-1CC6-41E4-95D1-C9348F8EFA5D}.Debug|Any CPU.ActiveCfg = Debug|Any CPU
		{10BD2045-1CC6-41E4-95D1-C9348F8EFA5D}.Debug|Any CPU.Build.0 = Debug|Any CPU
		{10BD2045-1CC6-41E4-95D1-C9348F8EFA5D}.Release|Any CPU.ActiveCfg = Release|Any CPU
		{10BD2045-1CC6-41E4-95D1-C9348F8EFA5D}.Release|Any CPU.Build.0 = Release|Any CPU
		{4C7E4B1B-4CF7-4B16-8429-C0AE5DA9513A}.Debug|Any CPU.ActiveCfg = Debug|Any CPU
		{4C7E4B1B-4CF7-4B16-8429-C0AE5DA9513A}.Debug|Any CPU.Build.0 = Debug|Any CPU
		{4C7E4B1B-4CF7-4B16-8429-C0AE5DA9513A}.Release|Any CPU.ActiveCfg = Release|Any CPU
		{4C7E4B1B-4CF7-4B16-8429-C0AE5DA9513A}.Release|Any CPU.Build.0 = Release|Any CPU
		{ED19EA6D-831E-4B0E-AD67-475E8D1CA10E}.Debug|Any CPU.ActiveCfg = Debug|Any CPU
		{ED19EA6D-831E-4B0E-AD67-475E8D1CA10E}.Debug|Any CPU.Build.0 = Debug|Any CPU
		{ED19EA6D-831E-4B0E-AD67-475E8D1CA10E}.Release|Any CPU.ActiveCfg = Release|Any CPU
		{ED19EA6D-831E-4B0E-AD67-475E8D1CA10E}.Release|Any CPU.Build.0 = Release|Any CPU
		{78A7324A-11FB-43C1-9EF8-620BAAE5F18C}.Debug|Any CPU.ActiveCfg = Debug|Any CPU
		{78A7324A-11FB-43C1-9EF8-620BAAE5F18C}.Debug|Any CPU.Build.0 = Debug|Any CPU
		{78A7324A-11FB-43C1-9EF8-620BAAE5F18C}.Release|Any CPU.ActiveCfg = Release|Any CPU
		{78A7324A-11FB-43C1-9EF8-620BAAE5F18C}.Release|Any CPU.Build.0 = Release|Any CPU
		{CBC63EF9-4086-4636-9B20-419469BD612F}.Debug|Any CPU.ActiveCfg = Debug|Any CPU
		{CBC63EF9-4086-4636-9B20-419469BD612F}.Debug|Any CPU.Build.0 = Debug|Any CPU
		{CBC63EF9-4086-4636-9B20-419469BD612F}.Release|Any CPU.ActiveCfg = Release|Any CPU
		{CBC63EF9-4086-4636-9B20-419469BD612F}.Release|Any CPU.Build.0 = Release|Any CPU
	EndGlobalSection
	GlobalSection(SolutionProperties) = preSolution
		HideSolutionNode = FALSE
	EndGlobalSection
	GlobalSection(ExtensibilityGlobals) = postSolution
		SolutionGuid = {61304234-58EA-425C-989B-4F3EF01594D8}
	EndGlobalSection
EndGlobal
